{
  "name": "bun-verify",
  "lockfileVersion": 2,
  "requires": true,
  "packages": {
    "": {
      "dependencies": {
        "bun-types": "^0.2.0"
      }
    },
    "node_modules/bun-types": {
      "version": "0.2.0",
      "resolved": "https://registry.npmjs.org/bun-types/-/bun-types-0.2.0.tgz",
      "integrity": "sha512-nKAfN6mZHNT9lwmEAr2mDATFuyn8uc8Rxa+0wv6Aeme62ziMaKqBkDMciDk3T9UfGK/9R53fnBszEtS0GneqYw=="
    }
  },
  "dependencies": {
    "bun-types": {
      "version": "0.2.0",
      "resolved": "https://registry.npmjs.org/bun-types/-/bun-types-0.2.0.tgz",
      "integrity": "sha512-nKAfN6mZHNT9lwmEAr2mDATFuyn8uc8Rxa+0wv6Aeme62ziMaKqBkDMciDk3T9UfGK/9R53fnBszEtS0GneqYw=="
    }
  }
}
