{
  "name": "mars-rover-2",
  "lockfileVersion": 2,
  "requires": true,
  "packages": {
    "": {
      "name": "mars-rover-2",
      "devDependencies": {
        "bun-types": "^0.1.11"
      }
    },
    "node_modules/bun-types": {
      "version": "0.1.11",
      "resolved": "https://registry.npmjs.org/bun-types/-/bun-types-0.1.11.tgz",
      "integrity": "sha512-a5G9LZtF5qBsDMjGnS5FfTvIeg1bS0PzI3Q2LqShEjJWdhZTB56xO8ewqZ83J+3my5rW/PPPWT/udAofRQ3zdg==",
      "dev": true
    }
  },
  "dependencies": {
    "bun-types": {
      "version": "0.1.11",
      "resolved": "https://registry.npmjs.org/bun-types/-/bun-types-0.1.11.tgz",
      "integrity": "sha512-a5G9LZtF5qBsDMjGnS5FfTvIeg1bS0PzI3Q2LqShEjJWdhZTB56xO8ewqZ83J+3my5rW/PPPWT/udAofRQ3zdg==",
      "dev": true
    }
  }
}
